{
  "name": "medoffline_backend",
  "version": "0.0.4",
  "lockfileVersion": 3,
  "requires": true,
  "packages": {
    "": {
      "name": "medoffline_backend",
      "version": "0.0.4",
      "license": "MIT",
      "dependencies": {
        "genericsuite-be-scripts": "file:../../../mediabros_repos/github/genericsuite-be-scripts"
      }
    },
    "../../../mediabros_repos/github/genericsuite-be-scripts": {
      "version": "1.0.12",
      "license": "ISC",
      "devDependencies": {
        "office-addin-dev-certs": "^1.12.2"
      }
    },
    "../genericsuite-be-scripts": {
      "version": "1.0.12",
      "extraneous": true,
      "license": "ISC",
      "devDependencies": {
        "office-addin-dev-certs": "^1.12.2"
      }
    },
    "node_modules/genericsuite-be-scripts": {
      "resolved": "../../../mediabros_repos/github/genericsuite-be-scripts",
      "link": true
    }
  }
}
